
Microsoft Visual Studio Solution File, Format Version 12.00
# Visual Studio 2010
Project("{2150E333-8FDC-42A3-9474-1A3956D46DE8}") = "BackEnd", "BackEnd", "{F2CF8DDB-6F90-4D4A-AFB4-5CD432397B17}"
EndProject
Project("{2150E333-8FDC-42A3-9474-1A3956D46DE8}") = "Web", "Web", "{3E8E6FAD-1DA5-4F26-A0F9-4ADE760FE6B5}"
EndProject
Project("{FAE04EC0-301F-11D3-BF4B-00C04F79EFBC}") = "RocaSite", "Web\RocaSite\RocaSite.csproj", "{2F04F14F-42C8-41E4-BA11-1558834A3075}"
EndProject
Project("{FAE04EC0-301F-11D3-BF4B-00C04F79EFBC}") = "RocaSite.Tests", "Web\RocaSite.Tests\RocaSite.Tests.csproj", "{B999FAF9-835A-4BC6-91A4-187AECB6E54D}"
EndProject
Project("{2150E333-8FDC-42A3-9474-1A3956D46DE8}") = "Config", "Config", "{FE417FB9-A633-4F75-ACCD-2ACF8704B00A}"
	ProjectSection(SolutionItems) = preProject
		Config\ConnString.config = Config\ConnString.config
		Data.sql = Data.sql
		Documents.sql = Documents.sql
		InsertDocs.sql = InsertDocs.sql
		Roca.sql = Roca.sql
	EndProjectSection
EndProject
Project("{2150E333-8FDC-42A3-9474-1A3956D46DE8}") = "Tests", "Tests", "{88D83F4E-F853-4479-9B1F-425FE7FD8B6B}"
EndProject
Project("{FAE04EC0-301F-11D3-BF4B-00C04F79EFBC}") = "MaterialsBL", "BackEnd\MaterialsBL\MaterialsBL.csproj", "{8674056C-B851-48AB-BFCA-45C6D058E289}"
EndProject
Project("{FAE04EC0-301F-11D3-BF4B-00C04F79EFBC}") = "MaterialsData", "BackEnd\MaterialsData\MaterialsData.csproj", "{AC4B11B4-7498-4268-9DB4-4B64B2221DD8}"
EndProject
Project("{FAE04EC0-301F-11D3-BF4B-00C04F79EFBC}") = "MaterialsTest", "BackEnd\Tests\MaterialsTest\MaterialsTest.csproj", "{D0D4172B-4BF6-4C4D-910D-12A274779C6D}"
EndProject
Project("{FAE04EC0-301F-11D3-BF4B-00C04F79EFBC}") = "MaterialMappingsTemp", "BackEnd\MaterialMappingsTemp\MaterialMappingsTemp.csproj", "{D369E35E-EA62-48CD-A6B3-9330E113F2A1}"
EndProject
Project("{FAE04EC0-301F-11D3-BF4B-00C04F79EFBC}") = "CoreData", "BackEnd\CoreData\CoreData.csproj", "{303527C5-AB5E-4A49-85EA-0DBD9F2AAB95}"
EndProject
Project("{FAE04EC0-301F-11D3-BF4B-00C04F79EFBC}") = "Core", "BackEnd\Core\Core.csproj", "{8B971CD3-4D90-42A9-8BFF-C8D49F7EBA4C}"
EndProject
Project("{FAE04EC0-301F-11D3-BF4B-00C04F79EFBC}") = "AutoPlantData", "BackEnd\AutoPlantData\AutoPlantData.csproj", "{4B44A717-A663-400C-96CB-7967C4B27993}"
EndProject
Project("{FAE04EC0-301F-11D3-BF4B-00C04F79EFBC}") = "AutoPlantBL", "BackEnd\AutoPlantBL\AutoPlantBL.csproj", "{ACB192D4-D6F3-42F5-9EE9-8475AEFE9944}"
EndProject
Project("{FAE04EC0-301F-11D3-BF4B-00C04F79EFBC}") = "AutoPlantTest", "BackEnd\Tests\AutoPlantTest\AutoPlantTest.csproj", "{8126A0A9-8652-462A-B6B6-1E16FEE742AD}"
EndProject
Project("{FAE04EC0-301F-11D3-BF4B-00C04F79EFBC}") = "MaterialsEfDal", "BackEnd\MaterialsEfDal\MaterialsEfDal.csproj", "{43CE5672-DAF9-4E85-BBD9-D3B500D0FC27}"
EndProject
Project("{FAE04EC0-301F-11D3-BF4B-00C04F79EFBC}") = "ExcelTools", "BackEnd\ExcelTools\ExcelTools.csproj", "{8CD920DD-5493-41F4-B8E2-9E7FA588F9F3}"
EndProject
Project("{FAE04EC0-301F-11D3-BF4B-00C04F79EFBC}") = "ExcelToolsTest", "BackEnd\Tests\ExcelToolsTest\ExcelToolsTest.csproj", "{0046CA08-B9C0-411A-B2DA-53EC576C5A6C}"
EndProject
Project("{2150E333-8FDC-42A3-9474-1A3956D46DE8}") = "Solution Items", "Solution Items", "{C86F091D-964A-4FDA-80C4-17006D2E776B}"
	ProjectSection(SolutionItems) = preProject
		Local.testsettings = Local.testsettings
		Roca1.vsmdi = Roca1.vsmdi
		TraceAndTestImpact.testsettings = TraceAndTestImpact.testsettings
	EndProjectSection
EndProject
Global
	GlobalSection(SubversionScc) = preSolution
		Svn-Managed = True
		Manager = AnkhSVN - Subversion Support for Visual Studio
	EndGlobalSection
	GlobalSection(TestCaseManagementSettings) = postSolution
		CategoryFile = Roca1.vsmdi
	EndGlobalSection
	GlobalSection(SolutionConfigurationPlatforms) = preSolution
		Debug|Any CPU = Debug|Any CPU
		Release|Any CPU = Release|Any CPU
	EndGlobalSection
	GlobalSection(ProjectConfigurationPlatforms) = postSolution
		{2F04F14F-42C8-41E4-BA11-1558834A3075}.Debug|Any CPU.ActiveCfg = Debug|Any CPU
		{2F04F14F-42C8-41E4-BA11-1558834A3075}.Debug|Any CPU.Build.0 = Debug|Any CPU
		{2F04F14F-42C8-41E4-BA11-1558834A3075}.Release|Any CPU.ActiveCfg = Release|Any CPU
		{2F04F14F-42C8-41E4-BA11-1558834A3075}.Release|Any CPU.Build.0 = Release|Any CPU
		{B999FAF9-835A-4BC6-91A4-187AECB6E54D}.Debug|Any CPU.ActiveCfg = Debug|Any CPU
		{B999FAF9-835A-4BC6-91A4-187AECB6E54D}.Debug|Any CPU.Build.0 = Debug|Any CPU
		{B999FAF9-835A-4BC6-91A4-187AECB6E54D}.Release|Any CPU.ActiveCfg = Release|Any CPU
		{B999FAF9-835A-4BC6-91A4-187AECB6E54D}.Release|Any CPU.Build.0 = Release|Any CPU
		{8674056C-B851-48AB-BFCA-45C6D058E289}.Debug|Any CPU.ActiveCfg = Debug|Any CPU
		{8674056C-B851-48AB-BFCA-45C6D058E289}.Debug|Any CPU.Build.0 = Debug|Any CPU
		{8674056C-B851-48AB-BFCA-45C6D058E289}.Release|Any CPU.ActiveCfg = Release|Any CPU
		{8674056C-B851-48AB-BFCA-45C6D058E289}.Release|Any CPU.Build.0 = Release|Any CPU
		{AC4B11B4-7498-4268-9DB4-4B64B2221DD8}.Debug|Any CPU.ActiveCfg = Debug|Any CPU
		{AC4B11B4-7498-4268-9DB4-4B64B2221DD8}.Debug|Any CPU.Build.0 = Debug|Any CPU
		{AC4B11B4-7498-4268-9DB4-4B64B2221DD8}.Release|Any CPU.ActiveCfg = Release|Any CPU
		{AC4B11B4-7498-4268-9DB4-4B64B2221DD8}.Release|Any CPU.Build.0 = Release|Any CPU
		{D0D4172B-4BF6-4C4D-910D-12A274779C6D}.Debug|Any CPU.ActiveCfg = Debug|Any CPU
		{D0D4172B-4BF6-4C4D-910D-12A274779C6D}.Debug|Any CPU.Build.0 = Debug|Any CPU
		{D0D4172B-4BF6-4C4D-910D-12A274779C6D}.Release|Any CPU.ActiveCfg = Release|Any CPU
		{D0D4172B-4BF6-4C4D-910D-12A274779C6D}.Release|Any CPU.Build.0 = Release|Any CPU
		{D369E35E-EA62-48CD-A6B3-9330E113F2A1}.Debug|Any CPU.ActiveCfg = Debug|Any CPU
		{D369E35E-EA62-48CD-A6B3-9330E113F2A1}.Debug|Any CPU.Build.0 = Debug|Any CPU
		{D369E35E-EA62-48CD-A6B3-9330E113F2A1}.Release|Any CPU.ActiveCfg = Release|Any CPU
		{D369E35E-EA62-48CD-A6B3-9330E113F2A1}.Release|Any CPU.Build.0 = Release|Any CPU
		{303527C5-AB5E-4A49-85EA-0DBD9F2AAB95}.Debug|Any CPU.ActiveCfg = Debug|Any CPU
		{303527C5-AB5E-4A49-85EA-0DBD9F2AAB95}.Debug|Any CPU.Build.0 = Debug|Any CPU
		{303527C5-AB5E-4A49-85EA-0DBD9F2AAB95}.Release|Any CPU.ActiveCfg = Release|Any CPU
		{303527C5-AB5E-4A49-85EA-0DBD9F2AAB95}.Release|Any CPU.Build.0 = Release|Any CPU
		{8B971CD3-4D90-42A9-8BFF-C8D49F7EBA4C}.Debug|Any CPU.ActiveCfg = Debug|Any CPU
		{8B971CD3-4D90-42A9-8BFF-C8D49F7EBA4C}.Debug|Any CPU.Build.0 = Debug|Any CPU
		{8B971CD3-4D90-42A9-8BFF-C8D49F7EBA4C}.Release|Any CPU.ActiveCfg = Release|Any CPU
		{8B971CD3-4D90-42A9-8BFF-C8D49F7EBA4C}.Release|Any CPU.Build.0 = Release|Any CPU
		{4B44A717-A663-400C-96CB-7967C4B27993}.Debug|Any CPU.ActiveCfg = Debug|Any CPU
		{4B44A717-A663-400C-96CB-7967C4B27993}.Debug|Any CPU.Build.0 = Debug|Any CPU
		{4B44A717-A663-400C-96CB-7967C4B27993}.Release|Any CPU.ActiveCfg = Release|Any CPU
		{4B44A717-A663-400C-96CB-7967C4B27993}.Release|Any CPU.Build.0 = Release|Any CPU
		{ACB192D4-D6F3-42F5-9EE9-8475AEFE9944}.Debug|Any CPU.ActiveCfg = Debug|Any CPU
		{ACB192D4-D6F3-42F5-9EE9-8475AEFE9944}.Debug|Any CPU.Build.0 = Debug|Any CPU
		{ACB192D4-D6F3-42F5-9EE9-8475AEFE9944}.Release|Any CPU.ActiveCfg = Release|Any CPU
		{ACB192D4-D6F3-42F5-9EE9-8475AEFE9944}.Release|Any CPU.Build.0 = Release|Any CPU
		{8126A0A9-8652-462A-B6B6-1E16FEE742AD}.Debug|Any CPU.ActiveCfg = Debug|Any CPU
		{8126A0A9-8652-462A-B6B6-1E16FEE742AD}.Debug|Any CPU.Build.0 = Debug|Any CPU
		{8126A0A9-8652-462A-B6B6-1E16FEE742AD}.Release|Any CPU.ActiveCfg = Release|Any CPU
		{8126A0A9-8652-462A-B6B6-1E16FEE742AD}.Release|Any CPU.Build.0 = Release|Any CPU
		{43CE5672-DAF9-4E85-BBD9-D3B500D0FC27}.Debug|Any CPU.ActiveCfg = Debug|Any CPU
		{43CE5672-DAF9-4E85-BBD9-D3B500D0FC27}.Debug|Any CPU.Build.0 = Debug|Any CPU
		{43CE5672-DAF9-4E85-BBD9-D3B500D0FC27}.Release|Any CPU.ActiveCfg = Release|Any CPU
		{43CE5672-DAF9-4E85-BBD9-D3B500D0FC27}.Release|Any CPU.Build.0 = Release|Any CPU
		{8CD920DD-5493-41F4-B8E2-9E7FA588F9F3}.Debug|Any CPU.ActiveCfg = Debug|Any CPU
		{8CD920DD-5493-41F4-B8E2-9E7FA588F9F3}.Debug|Any CPU.Build.0 = Debug|Any CPU
		{8CD920DD-5493-41F4-B8E2-9E7FA588F9F3}.Release|Any CPU.ActiveCfg = Release|Any CPU
		{8CD920DD-5493-41F4-B8E2-9E7FA588F9F3}.Release|Any CPU.Build.0 = Release|Any CPU
		{0046CA08-B9C0-411A-B2DA-53EC576C5A6C}.Debug|Any CPU.ActiveCfg = Debug|Any CPU
		{0046CA08-B9C0-411A-B2DA-53EC576C5A6C}.Debug|Any CPU.Build.0 = Debug|Any CPU
		{0046CA08-B9C0-411A-B2DA-53EC576C5A6C}.Release|Any CPU.ActiveCfg = Release|Any CPU
		{0046CA08-B9C0-411A-B2DA-53EC576C5A6C}.Release|Any CPU.Build.0 = Release|Any CPU
	EndGlobalSection
	GlobalSection(SolutionProperties) = preSolution
		HideSolutionNode = FALSE
	EndGlobalSection
	GlobalSection(NestedProjects) = preSolution
		{88D83F4E-F853-4479-9B1F-425FE7FD8B6B} = {F2CF8DDB-6F90-4D4A-AFB4-5CD432397B17}
		{8674056C-B851-48AB-BFCA-45C6D058E289} = {F2CF8DDB-6F90-4D4A-AFB4-5CD432397B17}
		{AC4B11B4-7498-4268-9DB4-4B64B2221DD8} = {F2CF8DDB-6F90-4D4A-AFB4-5CD432397B17}
		{D369E35E-EA62-48CD-A6B3-9330E113F2A1} = {F2CF8DDB-6F90-4D4A-AFB4-5CD432397B17}
		{303527C5-AB5E-4A49-85EA-0DBD9F2AAB95} = {F2CF8DDB-6F90-4D4A-AFB4-5CD432397B17}
		{8B971CD3-4D90-42A9-8BFF-C8D49F7EBA4C} = {F2CF8DDB-6F90-4D4A-AFB4-5CD432397B17}
		{4B44A717-A663-400C-96CB-7967C4B27993} = {F2CF8DDB-6F90-4D4A-AFB4-5CD432397B17}
		{ACB192D4-D6F3-42F5-9EE9-8475AEFE9944} = {F2CF8DDB-6F90-4D4A-AFB4-5CD432397B17}
		{43CE5672-DAF9-4E85-BBD9-D3B500D0FC27} = {F2CF8DDB-6F90-4D4A-AFB4-5CD432397B17}
		{8CD920DD-5493-41F4-B8E2-9E7FA588F9F3} = {F2CF8DDB-6F90-4D4A-AFB4-5CD432397B17}
		{2F04F14F-42C8-41E4-BA11-1558834A3075} = {3E8E6FAD-1DA5-4F26-A0F9-4ADE760FE6B5}
		{B999FAF9-835A-4BC6-91A4-187AECB6E54D} = {3E8E6FAD-1DA5-4F26-A0F9-4ADE760FE6B5}
		{D0D4172B-4BF6-4C4D-910D-12A274779C6D} = {88D83F4E-F853-4479-9B1F-425FE7FD8B6B}
		{8126A0A9-8652-462A-B6B6-1E16FEE742AD} = {88D83F4E-F853-4479-9B1F-425FE7FD8B6B}
		{0046CA08-B9C0-411A-B2DA-53EC576C5A6C} = {88D83F4E-F853-4479-9B1F-425FE7FD8B6B}
		{C86F091D-964A-4FDA-80C4-17006D2E776B} = {88D83F4E-F853-4479-9B1F-425FE7FD8B6B}
	EndGlobalSection
EndGlobal
